
Microsoft Visual Studio Solution File, Format Version 12.00
# Visual Studio Version 16
VisualStudioVersion = 16.0.31702.278
MinimumVisualStudioVersion = 10.0.40219.1
Project("{FAE04EC0-301F-11D3-BF4B-00C04F79EFBC}") = "Curso", "Curso\Curso\Curso.csproj", "{1917767A-914A-4DB0-B07B-186F273CBC53}"
EndProject
Global
	GlobalSection(SolutionConfigurationPlatforms) = preSolution
		Debug|Any CPU = Debug|Any CPU
		Release|Any CPU = Release|Any CPU
	EndGlobalSection
	GlobalSection(ProjectConfigurationPlatforms) = postSolution
		{1917767A-914A-4DB0-B07B-186F273CBC53}.Debug|Any CPU.ActiveCfg = Debug|Any CPU
		{1917767A-914A-4DB0-B07B-186F273CBC53}.Debug|Any CPU.Build.0 = Debug|Any CPU
		{1917767A-914A-4DB0-B07B-186F273CBC53}.Release|Any CPU.ActiveCfg = Release|Any CPU
		{1917767A-914A-4DB0-B07B-186F273CBC53}.Release|Any CPU.Build.0 = Release|Any CPU
	EndGlobalSection
	GlobalSection(SolutionProperties) = preSolution
		HideSolutionNode = FALSE
	EndGlobalSection
	GlobalSection(ExtensibilityGlobals) = postSolution
		SolutionGuid = {C0C7D3DD-18BB-494E-8C78-92237BA1FD10}
	EndGlobalSection
EndGlobal
