
Microsoft Visual Studio Solution File, Format Version 12.00
# Visual Studio Version 16
VisualStudioVersion = 16.0.31702.278
MinimumVisualStudioVersion = 10.0.40219.1
Project("{FAE04EC0-301F-11D3-BF4B-00C04F79EFBC}") = "Ficheiros", "Ficheiros\Ficheiros.csproj", "{DCF6E7C5-076D-4991-9CDA-ECFEB502806D}"
EndProject
Global
	GlobalSection(SolutionConfigurationPlatforms) = preSolution
		Debug|Any CPU = Debug|Any CPU
		Release|Any CPU = Release|Any CPU
	EndGlobalSection
	GlobalSection(ProjectConfigurationPlatforms) = postSolution
		{DCF6E7C5-076D-4991-9CDA-ECFEB502806D}.Debug|Any CPU.ActiveCfg = Debug|Any CPU
		{DCF6E7C5-076D-4991-9CDA-ECFEB502806D}.Debug|Any CPU.Build.0 = Debug|Any CPU
		{DCF6E7C5-076D-4991-9CDA-ECFEB502806D}.Release|Any CPU.ActiveCfg = Release|Any CPU
		{DCF6E7C5-076D-4991-9CDA-ECFEB502806D}.Release|Any CPU.Build.0 = Release|Any CPU
	EndGlobalSection
	GlobalSection(SolutionProperties) = preSolution
		HideSolutionNode = FALSE
	EndGlobalSection
	GlobalSection(ExtensibilityGlobals) = postSolution
		SolutionGuid = {92125093-8C6A-4429-9994-67A6FF0118FC}
	EndGlobalSection
EndGlobal
