
Microsoft Visual Studio Solution File, Format Version 12.00
# Visual Studio Version 16
VisualStudioVersion = 16.0.31702.278
MinimumVisualStudioVersion = 10.0.40219.1
Project("{FAE04EC0-301F-11D3-BF4B-00C04F79EFBC}") = "Aluno", "Aluno\Aluno.csproj", "{1BD3548D-AECD-4DD4-8AD6-AAA79C4BD6D9}"
EndProject
Project("{FAE04EC0-301F-11D3-BF4B-00C04F79EFBC}") = "aluno ivo", "aluno ivo\aluno ivo.csproj", "{D9C96F77-1661-4579-9A50-38CDA1A88AC3}"
EndProject
Global
	GlobalSection(SolutionConfigurationPlatforms) = preSolution
		Debug|Any CPU = Debug|Any CPU
		Release|Any CPU = Release|Any CPU
	EndGlobalSection
	GlobalSection(ProjectConfigurationPlatforms) = postSolution
		{1BD3548D-AECD-4DD4-8AD6-AAA79C4BD6D9}.Debug|Any CPU.ActiveCfg = Debug|Any CPU
		{1BD3548D-AECD-4DD4-8AD6-AAA79C4BD6D9}.Debug|Any CPU.Build.0 = Debug|Any CPU
		{1BD3548D-AECD-4DD4-8AD6-AAA79C4BD6D9}.Release|Any CPU.ActiveCfg = Release|Any CPU
		{1BD3548D-AECD-4DD4-8AD6-AAA79C4BD6D9}.Release|Any CPU.Build.0 = Release|Any CPU
		{D9C96F77-1661-4579-9A50-38CDA1A88AC3}.Debug|Any CPU.ActiveCfg = Debug|Any CPU
		{D9C96F77-1661-4579-9A50-38CDA1A88AC3}.Debug|Any CPU.Build.0 = Debug|Any CPU
		{D9C96F77-1661-4579-9A50-38CDA1A88AC3}.Release|Any CPU.ActiveCfg = Release|Any CPU
		{D9C96F77-1661-4579-9A50-38CDA1A88AC3}.Release|Any CPU.Build.0 = Release|Any CPU
	EndGlobalSection
	GlobalSection(SolutionProperties) = preSolution
		HideSolutionNode = FALSE
	EndGlobalSection
	GlobalSection(ExtensibilityGlobals) = postSolution
		SolutionGuid = {942FA8B6-627D-4142-BD73-C3E53C8F6359}
	EndGlobalSection
EndGlobal
